
Microsoft Visual Studio Solution File, Format Version 12.00
# Visual Studio 15
Project("{FAE04EC0-301F-11D3-BF4B-00C04F79EFBC}") = "Assembly-CSharp", "Assembly-CSharp.csproj", "{54521A31-207F-4A6E-FC2D-5AEFE3BA1FAB}"
EndProject
Project("{FAE04EC0-301F-11D3-BF4B-00C04F79EFBC}") = "Assembly-CSharp", "Assembly-CSharp.Player.csproj", "{4C4DE2A3-751C-27ED-116C-FFBB3EFB16BD}"
EndProject
Global
	GlobalSection(SolutionConfigurationPlatforms) = preSolution
		Debug|Any CPU = Debug|Any CPU
		Release|Any CPU = Release|Any CPU
	EndGlobalSection
	GlobalSection(ProjectConfigurationPlatforms) = postSolution
		{54521A31-207F-4A6E-FC2D-5AEFE3BA1FAB}.Debug|Any CPU.ActiveCfg = Debug|Any CPU
		{54521A31-207F-4A6E-FC2D-5AEFE3BA1FAB}.Debug|Any CPU.Build.0 = Debug|Any CPU
		{54521A31-207F-4A6E-FC2D-5AEFE3BA1FAB}.Release|Any CPU.ActiveCfg = Release|Any CPU
		{54521A31-207F-4A6E-FC2D-5AEFE3BA1FAB}.Release|Any CPU.Build.0 = Release|Any CPU
		{4C4DE2A3-751C-27ED-116C-FFBB3EFB16BD}.Debug|Any CPU.ActiveCfg = Debug|Any CPU
		{4C4DE2A3-751C-27ED-116C-FFBB3EFB16BD}.Debug|Any CPU.Build.0 = Debug|Any CPU
		{4C4DE2A3-751C-27ED-116C-FFBB3EFB16BD}.Release|Any CPU.ActiveCfg = Release|Any CPU
		{4C4DE2A3-751C-27ED-116C-FFBB3EFB16BD}.Release|Any CPU.Build.0 = Release|Any CPU
	EndGlobalSection
	GlobalSection(SolutionProperties) = preSolution
		HideSolutionNode = FALSE
	EndGlobalSection
EndGlobal
